// !$*UTF8*$!
{
	archiveVersion = 1;
	classes = {
	};
	objectVersion = 50;
	objects = {

/* Begin PBXBuildFile section */
		5CE0D805DE2A2C8CAB88C38F /* Pods_iOs_2_lesson.framework in Frameworks */ = {isa = PBXBuildFile; fileRef = C47471AFDA1DAD7FEEEC7AA8 /* Pods_iOs_2_lesson.framework */; };
		AB336655258C01F20003B169 /* AppDelegate.swift in Sources */ = {isa = PBXBuildFile; fileRef = AB336654258C01F20003B169 /* AppDelegate.swift */; };
		AB336657258C01F20003B169 /* SceneDelegate.swift in Sources */ = {isa = PBXBuildFile; fileRef = AB336656258C01F20003B169 /* SceneDelegate.swift */; };
		AB336659258C01F20003B169 /* ViewController.swift in Sources */ = {isa = PBXBuildFile; fileRef = AB336658258C01F20003B169 /* ViewController.swift */; };
		AB33665C258C01F20003B169 /* Main.storyboard in Resources */ = {isa = PBXBuildFile; fileRef = AB33665A258C01F20003B169 /* Main.storyboard */; };
		AB33665E258C01F50003B169 /* Assets.xcassets in Resources */ = {isa = PBXBuildFile; fileRef = AB33665D258C01F50003B169 /* Assets.xcassets */; };
		AB336661258C01F50003B169 /* LaunchScreen.storyboard in Resources */ = {isa = PBXBuildFile; fileRef = AB33665F258C01F50003B169 /* LaunchScreen.storyboard */; };
/* End PBXBuildFile section */

/* Begin PBXFileReference section */
		1AE01DE2A20CF3CC2F46F609 /* Pods-iOs_2_lesson.release.xcconfig */ = {isa = PBXFileReference; includeInIndex = 1; lastKnownFileType = text.xcconfig; name = "Pods-iOs_2_lesson.release.xcconfig"; path = "Target Support Files/Pods-iOs_2_lesson/Pods-iOs_2_lesson.release.xcconfig"; sourceTree = "<group>"; };
		8B017222E2231997FF519EB9 /* Pods-iOs_2_lesson.debug.xcconfig */ = {isa = PBXFileReference; includeInIndex = 1; lastKnownFileType = text.xcconfig; name = "Pods-iOs_2_lesson.debug.xcconfig"; path = "Target Support Files/Pods-iOs_2_lesson/Pods-iOs_2_lesson.debug.xcconfig"; sourceTree = "<group>"; };
		AB336651258C01F20003B169 /* iOs_2_lesson.app */ = {isa = PBXFileReference; explicitFileType = wrapper.application; includeInIndex = 0; path = iOs_2_lesson.app; sourceTree = BUILT_PRODUCTS_DIR; };
		AB336654258C01F20003B169 /* AppDelegate.swift */ = {isa = PBXFileReference; lastKnownFileType = sourcecode.swift; path = AppDelegate.swift; sourceTree = "<group>"; };
		AB336656258C01F20003B169 /* SceneDelegate.swift */ = {isa = PBXFileReference; lastKnownFileType = sourcecode.swift; path = SceneDelegate.swift; sourceTree = "<group>"; };
		AB336658258C01F20003B169 /* ViewController.swift */ = {isa = PBXFileReference; lastKnownFileType = sourcecode.swift; path = ViewController.swift; sourceTree = "<group>"; };
		AB33665B258C01F20003B169 /* Base */ = {isa = PBXFileReference; lastKnownFileType = file.storyboard; name = Base; path = Base.lproj/Main.storyboard; sourceTree = "<group>"; };
		AB33665D258C01F50003B169 /* Assets.xcassets */ = {isa = PBXFileReference; lastKnownFileType = folder.assetcatalog; path = Assets.xcassets; sourceTree = "<group>"; };
		AB336660258C01F50003B169 /* Base */ = {isa = PBXFileReference; lastKnownFileType = file.storyboard; name = Base; path = Base.lproj/LaunchScreen.storyboard; sourceTree = "<group>"; };
		AB336662258C01F50003B169 /* Info.plist */ = {isa = PBXFileReference; lastKnownFileType = text.plist.xml; path = Info.plist; sourceTree = "<group>"; };
		C47471AFDA1DAD7FEEEC7AA8 /* Pods_iOs_2_lesson.framework */ = {isa = PBXFileReference; explicitFileType = wrapper.framework; includeInIndex = 0; path = Pods_iOs_2_lesson.framework; sourceTree = BUILT_PRODUCTS_DIR; };
/* End PBXFileReference section */

/* Begin PBXFrameworksBuildPhase section */
		AB33664E258C01F20003B169 /* Frameworks */ = {
			isa = PBXFrameworksBuildPhase;
			buildActionMask = 2147483647;
			files = (
				5CE0D805DE2A2C8CAB88C38F /* Pods_iOs_2_lesson.framework in Frameworks */,
			);
			runOnlyForDeploymentPostprocessing = 0;
		};
/* End PBXFrameworksBuildPhase section */

/* Begin PBXGroup section */
		17356F21C8AD05797D656FF8 /* Pods */ = {
			isa = PBXGroup;
			children = (
				8B017222E2231997FF519EB9 /* Pods-iOs_2_lesson.debug.xcconfig */,
				1AE01DE2A20CF3CC2F46F609 /* Pods-iOs_2_lesson.release.xcconfig */,
			);
			name = Pods;
			path = Pods;
			sourceTree = "<group>";
		};
		37345EC85565BF9275E59E9E /* Frameworks */ = {
			isa = PBXGroup;
			children = (
				C47471AFDA1DAD7FEEEC7AA8 /* Pods_iOs_2_lesson.framework */,
			);
			name = Frameworks;
			sourceTree = "<group>";
		};
		AB336648258C01F10003B169 = {
			isa = PBXGroup;
			children = (
				AB336653258C01F20003B169 /* iOs_2_lesson */,
				AB336652258C01F20003B169 /* Products */,
				17356F21C8AD05797D656FF8 /* Pods */,
				37345EC85565BF9275E59E9E /* Frameworks */,
			);
			sourceTree = "<group>";
		};
		AB336652258C01F20003B169 /* Products */ = {
			isa = PBXGroup;
			children = (
				AB336651258C01F20003B169 /* iOs_2_lesson.app */,
			);
			name = Products;
			sourceTree = "<group>";
		};
		AB336653258C01F20003B169 /* iOs_2_lesson */ = {
			isa = PBXGroup;
			children = (
				AB336654258C01F20003B169 /* AppDelegate.swift */,
				AB336656258C01F20003B169 /* SceneDelegate.swift */,
				AB336658258C01F20003B169 /* ViewController.swift */,
				AB33665A258C01F20003B169 /* Main.storyboard */,
				AB33665D258C01F50003B169 /* Assets.xcassets */,
				AB33665F258C01F50003B169 /* LaunchScreen.storyboard */,
				AB336662258C01F50003B169 /* Info.plist */,
			);
			path = iOs_2_lesson;
			sourceTree = "<group>";
		};
/* End PBXGroup section */

/* Begin PBXNativeTarget section */
		AB336650258C01F20003B169 /* iOs_2_lesson */ = {
			isa = PBXNativeTarget;
			buildConfigurationList = AB336665258C01F50003B169 /* Build configuration list for PBXNativeTarget "iOs_2_lesson" */;
			buildPhases = (
				A3B1601F633E39A1D44E43F5 /* [CP] Check Pods Manifest.lock */,
				AB33664D258C01F20003B169 /* Sources */,
				AB33664E258C01F20003B169 /* Frameworks */,
				AB33664F258C01F20003B169 /* Resources */,
				843ED2822DC22956212C1992 /* [CP] Embed Pods Frameworks */,
			);
			buildRules = (
			);
			dependencies = (
			);
			name = iOs_2_lesson;
			productName = iOs_2_lesson;
			productReference = AB336651258C01F20003B169 /* iOs_2_lesson.app */;
			productType = "com.apple.product-type.application";
		};
/* End PBXNativeTarget section */

/* Begin PBXProject section */
		AB336649258C01F10003B169 /* Project object */ = {
			isa = PBXProject;
			attributes = {
				LastSwiftUpdateCheck = 1160;
				LastUpgradeCheck = 1160;
				ORGANIZATIONNAME = "Александр Уткин";
				TargetAttributes = {
					AB336650258C01F20003B169 = {
						CreatedOnToolsVersion = 11.6;
					};
				};
			};
			buildConfigurationList = AB33664C258C01F10003B169 /* Build configuration list for PBXProject "iOs_2_lesson" */;
			compatibilityVersion = "Xcode 9.3";
			developmentRegion = en;
			hasScannedForEncodings = 0;
			knownRegions = (
				en,
				Base,
			);
			mainGroup = AB336648258C01F10003B169;
			productRefGroup = AB336652258C01F20003B169 /* Products */;
			projectDirPath = "";
			projectRoot = "";
			targets = (
				AB336650258C01F20003B169 /* iOs_2_lesson */,
			);
		};
/* End PBXProject section */

/* Begin PBXResourcesBuildPhase section */
		AB33664F258C01F20003B169 /* Resources */ = {
			isa = PBXResourcesBuildPhase;
			buildActionMask = 2147483647;
			files = (
				AB336661258C01F50003B169 /* LaunchScreen.storyboard in Resources */,
				AB33665E258C01F50003B169 /* Assets.xcassets in Resources */,
				AB33665C258C01F20003B169 /* Main.storyboard in Resources */,
			);
			runOnlyForDeploymentPostprocessing = 0;
		};
/* End PBXResourcesBuildPhase section */

/* Begin PBXShellScriptBuildPhase section */
		843ED2822DC22956212C1992 /* [CP] Embed Pods Frameworks */ = {
			isa = PBXShellScriptBuildPhase;
			buildActionMask = 2147483647;
			files = (
			);
			inputFileListPaths = (
				"${PODS_ROOT}/Target Support Files/Pods-iOs_2_lesson/Pods-iOs_2_lesson-frameworks-${CONFIGURATION}-input-files.xcfilelist",
			);
			name = "[CP] Embed Pods Frameworks";
			outputFileListPaths = (
				"${PODS_ROOT}/Target Support Files/Pods-iOs_2_lesson/Pods-iOs_2_lesson-frameworks-${CONFIGURATION}-output-files.xcfilelist",
			);
			runOnlyForDeploymentPostprocessing = 0;
			shellPath = /bin/sh;
			shellScript = "\"${PODS_ROOT}/Target Support Files/Pods-iOs_2_lesson/Pods-iOs_2_lesson-frameworks.sh\"\n";
			showEnvVarsInLog = 0;
		};
		A3B1601F633E39A1D44E43F5 /* [CP] Check Pods Manifest.lock */ = {
			isa = PBXShellScriptBuildPhase;
			buildActionMask = 2147483647;
			files = (
			);
			inputFileListPaths = (
			);
			inputPaths = (
				"${PODS_PODFILE_DIR_PATH}/Podfile.lock",
				"${PODS_ROOT}/Manifest.lock",
			);
			name = "[CP] Check Pods Manifest.lock";
			outputFileListPaths = (
			);
			outputPaths = (
				"$(DERIVED_FILE_DIR)/Pods-iOs_2_lesson-checkManifestLockResult.txt",
			);
			runOnlyForDeploymentPostprocessing = 0;
			shellPath = /bin/sh;
			shellScript = "diff \"${PODS_PODFILE_DIR_PATH}/Podfile.lock\" \"${PODS_ROOT}/Manifest.lock\" > /dev/null\nif [ $? != 0 ] ; then\n    # print error to STDERR\n    echo \"error: The sandbox is not in sync with the Podfile.lock. Run 'pod install' or update your CocoaPods installation.\" >&2\n    exit 1\nfi\n# This output is used by Xcode 'outputs' to avoid re-running this script phase.\necho \"SUCCESS\" > \"${SCRIPT_OUTPUT_FILE_0}\"\n";
			showEnvVarsInLog = 0;
		};
/* End PBXShellScriptBuildPhase section */

/* Begin PBXSourcesBuildPhase section */
		AB33664D258C01F20003B169 /* Sources */ = {
			isa = PBXSourcesBuildPhase;
			buildActionMask = 2147483647;
			files = (
				AB336659258C01F20003B169 /* ViewController.swift in Sources */,
				AB336655258C01F20003B169 /* AppDelegate.swift in Sources */,
				AB336657258C01F20003B169 /* SceneDelegate.swift in Sources */,
			);
			runOnlyForDeploymentPostprocessing = 0;
		};
/* End PBXSourcesBuildPhase section */

/* Begin PBXVariantGroup section */
		AB33665A258C01F20003B169 /* Main.storyboard */ = {
			isa = PBXVariantGroup;
			children = (
				AB33665B258C01F20003B169 /* Base */,
			);
			name = Main.storyboard;
			sourceTree = "<group>";
		};
		AB33665F258C01F50003B169 /* LaunchScreen.storyboard */ = {
			isa = PBXVariantGroup;
			children = (
				AB336660258C01F50003B169 /* Base */,
			);
			name = LaunchScreen.storyboard;
			sourceTree = "<group>";
		};
/* End PBXVariantGroup section */

/* Begin XCBuildConfiguration section */
		AB336663258C01F50003B169 /* Debug */ = {
			isa = XCBuildConfiguration;
			buildSettings = {
				ALWAYS_SEARCH_USER_PATHS = NO;
				CLANG_ANALYZER_NONNULL = YES;
				CLANG_ANALYZER_NUMBER_OBJECT_CONVERSION = YES_AGGRESSIVE;
				CLANG_CXX_LANGUAGE_STANDARD = "gnu++14";
				CLANG_CXX_LIBRARY = "libc++";
				CLANG_ENABLE_MODULES = YES;
				CLANG_ENABLE_OBJC_ARC = YES;
				CLANG_ENABLE_OBJC_WEAK = YES;
				CLANG_WARN_BLOCK_CAPTURE_AUTORELEASING = YES;
				CLANG_WARN_BOOL_CONVERSION = YES;
				CLANG_WARN_COMMA = YES;
				CLANG_WARN_CONSTANT_CONVERSION = YES;
				CLANG_WARN_DEPRECATED_OBJC_IMPLEMENTATIONS = YES;
				CLANG_WARN_DIRECT_OBJC_ISA_USAGE = YES_ERROR;
				CLANG_WARN_DOCUMENTATION_COMMENTS = YES;
				CLANG_WARN_EMPTY_BODY = YES;
				CLANG_WARN_ENUM_CONVERSION = YES;
				CLANG_WARN_INFINITE_RECURSION = YES;
				CLANG_WARN_INT_CONVERSION = YES;
				CLANG_WARN_NON_LITERAL_NULL_CONVERSION = YES;
				CLANG_WARN_OBJC_IMPLICIT_RETAIN_SELF = YES;
				CLANG_WARN_OBJC_LITERAL_CONVERSION = YES;
				CLANG_WARN_OBJC_ROOT_CLASS = YES_ERROR;
				CLANG_WARN_RANGE_LOOP_ANALYSIS = YES;
				CLANG_WARN_STRICT_PROTOTYPES = YES;
				CLANG_WARN_SUSPICIOUS_MOVE = YES;
				CLANG_WARN_UNGUARDED_AVAILABILITY = YES_AGGRESSIVE;
				CLANG_WARN_UNREACHABLE_CODE = YES;
				CLANG_WARN__DUPLICATE_METHOD_MATCH = YES;
				COPY_PHASE_STRIP = NO;
				DEBUG_INFORMATION_FORMAT = dwarf;
				ENABLE_STRICT_OBJC_MSGSEND = YES;
				ENABLE_TESTABILITY = YES;
				GCC_C_LANGUAGE_STANDARD = gnu11;
				GCC_DYNAMIC_NO_PIC = NO;
				GCC_NO_COMMON_BLOCKS = YES;
				GCC_OPTIMIZATION_LEVEL = 0;
				GCC_PREPROCESSOR_DEFINITIONS = (
					"DEBUG=1",
					"$(inherited)",
				);
				GCC_WARN_64_TO_32_BIT_CONVERSION = YES;
				GCC_WARN_ABOUT_RETURN_TYPE = YES_ERROR;
				GCC_WARN_UNDECLARED_SELECTOR = YES;
				GCC_WARN_UNINITIALIZED_AUTOS = YES_AGGRESSIVE;
				GCC_WARN_UNUSED_FUNCTION = YES;
				GCC_WARN_UNUSED_VARIABLE = YES;
				IPHONEOS_DEPLOYMENT_TARGET = 13.6;
				MTL_ENABLE_DEBUG_INFO = INCLUDE_SOURCE;
				MTL_FAST_MATH = YES;
				ONLY_ACTIVE_ARCH = YES;
				SDKROOT = iphoneos;
				SWIFT_ACTIVE_COMPILATION_CONDITIONS = DEBUG;
				SWIFT_OPTIMIZATION_LEVEL = "-Onone";
			};
			name = Debug;
		};
		AB336664258C01F50003B169 /* Release */ = {
			isa = XCBuildConfiguration;
			buildSettings = {
				ALWAYS_SEARCH_USER_PATHS = NO;
				CLANG_ANALYZER_NONNULL = YES;
				CLANG_ANALYZER_NUMBER_OBJECT_CONVERSION = YES_AGGRESSIVE;
				CLANG_CXX_LANGUAGE_STANDARD = "gnu++14";
				CLANG_CXX_LIBRARY = "libc++";
				CLANG_ENABLE_MODULES = YES;
				CLANG_ENABLE_OBJC_ARC = YES;
				CLANG_ENABLE_OBJC_WEAK = YES;
				CLANG_WARN_BLOCK_CAPTURE_AUTORELEASING = YES;
				CLANG_WARN_BOOL_CONVERSION = YES;
				CLANG_WARN_COMMA = YES;
				CLANG_WARN_CONSTANT_CONVERSION = YES;
				CLANG_WARN_DEPRECATED_OBJC_IMPLEMENTATIONS = YES;
				CLANG_WARN_DIRECT_OBJC_ISA_USAGE = YES_ERROR;
				CLANG_WARN_DOCUMENTATION_COMMENTS = YES;
				CLANG_WARN_EMPTY_BODY = YES;
				CLANG_WARN_ENUM_CONVERSION = YES;
				CLANG_WARN_INFINITE_RECURSION = YES;
				CLANG_WARN_INT_CONVERSION = YES;
				CLANG_WARN_NON_LITERAL_NULL_CONVERSION = YES;
				CLANG_WARN_OBJC_IMPLICIT_RETAIN_SELF = YES;
				CLANG_WARN_OBJC_LITERAL_CONVERSION = YES;
				CLANG_WARN_OBJC_ROOT_CLASS = YES_ERROR;
				CLANG_WARN_RANGE_LOOP_ANALYSIS = YES;
				CLANG_WARN_STRICT_PROTOTYPES = YES;
				CLANG_WARN_SUSPICIOUS_MOVE = YES;
				CLANG_WARN_UNGUARDED_AVAILABILITY = YES_AGGRESSIVE;
				CLANG_WARN_UNREACHABLE_CODE = YES;
				CLANG_WARN__DUPLICATE_METHOD_MATCH = YES;
				COPY_PHASE_STRIP = NO;
				DEBUG_INFORMATION_FORMAT = "dwarf-with-dsym";
				ENABLE_NS_ASSERTIONS = NO;
				ENABLE_STRICT_OBJC_MSGSEND = YES;
				GCC_C_LANGUAGE_STANDARD = gnu11;
				GCC_NO_COMMON_BLOCKS = YES;
				GCC_WARN_64_TO_32_BIT_CONVERSION = YES;
				GCC_WARN_ABOUT_RETURN_TYPE = YES_ERROR;
				GCC_WARN_UNDECLARED_SELECTOR = YES;
				GCC_WARN_UNINITIALIZED_AUTOS = YES_AGGRESSIVE;
				GCC_WARN_UNUSED_FUNCTION = YES;
				GCC_WARN_UNUSED_VARIABLE = YES;
				IPHONEOS_DEPLOYMENT_TARGET = 13.6;
				MTL_ENABLE_DEBUG_INFO = NO;
				MTL_FAST_MATH = YES;
				SDKROOT = iphoneos;
				SWIFT_COMPILATION_MODE = wholemodule;
				SWIFT_OPTIMIZATION_LEVEL = "-O";
				VALIDATE_PRODUCT = YES;
			};
			name = Release;
		};
		AB336666258C01F50003B169 /* Debug */ = {
			isa = XCBuildConfiguration;
			baseConfigurationReference = 8B017222E2231997FF519EB9 /* Pods-iOs_2_lesson.debug.xcconfig */;
			buildSettings = {
				ASSETCATALOG_COMPILER_APPICON_NAME = AppIcon;
				CODE_SIGN_STYLE = Automatic;
				DEVELOPMENT_TEAM = 2KRRAMT3WK;
				INFOPLIST_FILE = iOs_2_lesson/Info.plist;
				LD_RUNPATH_SEARCH_PATHS = (
					"$(inherited)",
					"@executable_path/Frameworks",
				);
				PRODUCT_BUNDLE_IDENTIFIER = "Neosoft.iOs-2-lesson";
				PRODUCT_NAME = "$(TARGET_NAME)";
				SWIFT_VERSION = 5.0;
				TARGETED_DEVICE_FAMILY = "1,2";
			};
			name = Debug;
		};
		AB336667258C01F50003B169 /* Release */ = {
			isa = XCBuildConfiguration;
			baseConfigurationReference = 1AE01DE2A20CF3CC2F46F609 /* Pods-iOs_2_lesson.release.xcconfig */;
			buildSettings = {
				ASSETCATALOG_COMPILER_APPICON_NAME = AppIcon;
				CODE_SIGN_STYLE = Automatic;
				DEVELOPMENT_TEAM = 2KRRAMT3WK;
				INFOPLIST_FILE = iOs_2_lesson/Info.plist;
				LD_RUNPATH_SEARCH_PATHS = (
					"$(inherited)",
					"@executable_path/Frameworks",
				);
				PRODUCT_BUNDLE_IDENTIFIER = "Neosoft.iOs-2-lesson";
				PRODUCT_NAME = "$(TARGET_NAME)";
				SWIFT_VERSION = 5.0;
				TARGETED_DEVICE_FAMILY = "1,2";
			};
			name = Release;
		};
/* End XCBuildConfiguration section */

/* Begin XCConfigurationList section */
		AB33664C258C01F10003B169 /* Build configuration list for PBXProject "iOs_2_lesson" */ = {
			isa = XCConfigurationList;
			buildConfigurations = (
				AB336663258C01F50003B169 /* Debug */,
				AB336664258C01F50003B169 /* Release */,
			);
			defaultConfigurationIsVisible = 0;
			defaultConfigurationName = Release;
		};
		AB336665258C01F50003B169 /* Build configuration list for PBXNativeTarget "iOs_2_lesson" */ = {
			isa = XCConfigurationList;
			buildConfigurations = (
				AB336666258C01F50003B169 /* Debug */,
				AB336667258C01F50003B169 /* Release */,
			);
			defaultConfigurationIsVisible = 0;
			defaultConfigurationName = Release;
		};
/* End XCConfigurationList section */
	};
	rootObject = AB336649258C01F10003B169 /* Project object */;
}
